
Microsoft Visual Studio Solution File, Format Version 12.00
# Visual Studio 2012
Project("{FAE04EC0-301F-11D3-BF4B-00C04F79EFBC}") = "Shared", "Shared\Shared.csproj", "{7DF08A0E-D508-443A-88CA-F85568D5BF55}"
EndProject
Project("{FAE04EC0-301F-11D3-BF4B-00C04F79EFBC}") = "ZeroMQ", "..\clrzmq\src\ZeroMQ\ZeroMQ.csproj", "{6FFD872F-A4A4-4EFA-9B4D-4342BA6CF250}"
EndProject
Project("{2150E333-8FDC-42A3-9474-1A3956D46DE8}") = "ExternalLibraries", "ExternalLibraries", "{8DB758C0-8E19-4872-9579-2B3BD8DFA5FF}"
EndProject
Project("{FAE04EC0-301F-11D3-BF4B-00C04F79EFBC}") = "ZmqServiceBus.Transport", "ServiceBus\ZmqServiceBus.Transport\ZmqServiceBus.Transport.csproj", "{260ACC9F-C02E-4A1F-B3A7-A32A45310380}"
EndProject
Project("{FAE04EC0-301F-11D3-BF4B-00C04F79EFBC}") = "ZmqServiceBus.Tests", "ServiceBus\ZmqServiceBus.Tests\ZmqServiceBus.Tests.csproj", "{455C2649-47C0-444F-8C3E-D8F053840D84}"
EndProject
Project("{FAE04EC0-301F-11D3-BF4B-00C04F79EFBC}") = "Moq", "..\Moq\Source\Moq.csproj", "{1C91AC30-5977-4BE5-BA67-8EB186C03514}"
EndProject
Project("{FAE04EC0-301F-11D3-BF4B-00C04F79EFBC}") = "DirectoryService.Core", "DirectoryService\DirectoryService.Core\DirectoryService.Core.csproj", "{44CA54AD-6338-4449-A96F-0587713C92EE}"
EndProject
Project("{2150E333-8FDC-42A3-9474-1A3956D46DE8}") = "Broker", "Broker", "{FBDC578F-0700-4B60-BA68-1F2168EB7BD6}"
EndProject
Project("{FAE04EC0-301F-11D3-BF4B-00C04F79EFBC}") = "DirectoryService.Commands", "DirectoryService\DirectoryService.Commands\DirectoryService.Commands.csproj", "{49EA8413-2FFB-48F8-BBCF-2BFF26B1DF99}"
EndProject
Project("{FAE04EC0-301F-11D3-BF4B-00C04F79EFBC}") = "DirectoryService.Tests", "DirectoryService\DirectoryService.Tests\DirectoryService.Tests.csproj", "{40C298DB-1855-4342-AB01-C1B11D2B164F}"
EndProject
Project("{FAE04EC0-301F-11D3-BF4B-00C04F79EFBC}") = "DirectoryService.Events", "DirectoryService\DirectoryService.Events\DirectoryService.Events.csproj", "{9EBB2A67-A2B4-4517-AB16-8234E6FA612B}"
EndProject
Project("{FAE04EC0-301F-11D3-BF4B-00C04F79EFBC}") = "ZmqServiceBus.Bus", "ZmqServiceBus.Bus\ZmqServiceBus.Bus.csproj", "{C33450C1-7E6E-4E0A-9FFA-058B27743719}"
EndProject
Global
	GlobalSection(SolutionConfigurationPlatforms) = preSolution
		Debug|Any CPU = Debug|Any CPU
		Debug|Mixed Platforms = Debug|Mixed Platforms
		Debug|x64 = Debug|x64
		Debug|x86 = Debug|x86
		Release|Any CPU = Release|Any CPU
		Release|Mixed Platforms = Release|Mixed Platforms
		Release|x64 = Release|x64
		Release|x86 = Release|x86
	EndGlobalSection
	GlobalSection(ProjectConfigurationPlatforms) = postSolution
		{7DF08A0E-D508-443A-88CA-F85568D5BF55}.Debug|Any CPU.ActiveCfg = Debug|Any CPU
		{7DF08A0E-D508-443A-88CA-F85568D5BF55}.Debug|Any CPU.Build.0 = Debug|Any CPU
		{7DF08A0E-D508-443A-88CA-F85568D5BF55}.Debug|Mixed Platforms.ActiveCfg = Debug|x86
		{7DF08A0E-D508-443A-88CA-F85568D5BF55}.Debug|Mixed Platforms.Build.0 = Debug|x86
		{7DF08A0E-D508-443A-88CA-F85568D5BF55}.Debug|x64.ActiveCfg = Debug|x64
		{7DF08A0E-D508-443A-88CA-F85568D5BF55}.Debug|x64.Build.0 = Debug|x64
		{7DF08A0E-D508-443A-88CA-F85568D5BF55}.Debug|x86.ActiveCfg = Debug|x86
		{7DF08A0E-D508-443A-88CA-F85568D5BF55}.Debug|x86.Build.0 = Debug|x86
		{7DF08A0E-D508-443A-88CA-F85568D5BF55}.Release|Any CPU.ActiveCfg = Release|Any CPU
		{7DF08A0E-D508-443A-88CA-F85568D5BF55}.Release|Any CPU.Build.0 = Release|Any CPU
		{7DF08A0E-D508-443A-88CA-F85568D5BF55}.Release|Mixed Platforms.ActiveCfg = Release|x86
		{7DF08A0E-D508-443A-88CA-F85568D5BF55}.Release|Mixed Platforms.Build.0 = Release|x86
		{7DF08A0E-D508-443A-88CA-F85568D5BF55}.Release|x64.ActiveCfg = Release|x64
		{7DF08A0E-D508-443A-88CA-F85568D5BF55}.Release|x64.Build.0 = Release|x64
		{7DF08A0E-D508-443A-88CA-F85568D5BF55}.Release|x86.ActiveCfg = Release|x86
		{7DF08A0E-D508-443A-88CA-F85568D5BF55}.Release|x86.Build.0 = Release|x86
		{6FFD872F-A4A4-4EFA-9B4D-4342BA6CF250}.Debug|Any CPU.ActiveCfg = Debug|Any CPU
		{6FFD872F-A4A4-4EFA-9B4D-4342BA6CF250}.Debug|Any CPU.Build.0 = Debug|Any CPU
		{6FFD872F-A4A4-4EFA-9B4D-4342BA6CF250}.Debug|Mixed Platforms.ActiveCfg = Debug|Any CPU
		{6FFD872F-A4A4-4EFA-9B4D-4342BA6CF250}.Debug|Mixed Platforms.Build.0 = Debug|Any CPU
		{6FFD872F-A4A4-4EFA-9B4D-4342BA6CF250}.Debug|x64.ActiveCfg = Debug|Any CPU
		{6FFD872F-A4A4-4EFA-9B4D-4342BA6CF250}.Debug|x86.ActiveCfg = Debug|Any CPU
		{6FFD872F-A4A4-4EFA-9B4D-4342BA6CF250}.Release|Any CPU.ActiveCfg = Release|Any CPU
		{6FFD872F-A4A4-4EFA-9B4D-4342BA6CF250}.Release|Any CPU.Build.0 = Release|Any CPU
		{6FFD872F-A4A4-4EFA-9B4D-4342BA6CF250}.Release|Mixed Platforms.ActiveCfg = Release|Any CPU
		{6FFD872F-A4A4-4EFA-9B4D-4342BA6CF250}.Release|Mixed Platforms.Build.0 = Release|Any CPU
		{6FFD872F-A4A4-4EFA-9B4D-4342BA6CF250}.Release|x64.ActiveCfg = Release|Any CPU
		{6FFD872F-A4A4-4EFA-9B4D-4342BA6CF250}.Release|x86.ActiveCfg = Release|Any CPU
		{260ACC9F-C02E-4A1F-B3A7-A32A45310380}.Debug|Any CPU.ActiveCfg = Debug|Any CPU
		{260ACC9F-C02E-4A1F-B3A7-A32A45310380}.Debug|Any CPU.Build.0 = Debug|Any CPU
		{260ACC9F-C02E-4A1F-B3A7-A32A45310380}.Debug|Mixed Platforms.ActiveCfg = Debug|x86
		{260ACC9F-C02E-4A1F-B3A7-A32A45310380}.Debug|Mixed Platforms.Build.0 = Debug|x86
		{260ACC9F-C02E-4A1F-B3A7-A32A45310380}.Debug|x64.ActiveCfg = Debug|x64
		{260ACC9F-C02E-4A1F-B3A7-A32A45310380}.Debug|x64.Build.0 = Debug|x64
		{260ACC9F-C02E-4A1F-B3A7-A32A45310380}.Debug|x86.ActiveCfg = Debug|x86
		{260ACC9F-C02E-4A1F-B3A7-A32A45310380}.Debug|x86.Build.0 = Debug|x86
		{260ACC9F-C02E-4A1F-B3A7-A32A45310380}.Release|Any CPU.ActiveCfg = Release|Any CPU
		{260ACC9F-C02E-4A1F-B3A7-A32A45310380}.Release|Any CPU.Build.0 = Release|Any CPU
		{260ACC9F-C02E-4A1F-B3A7-A32A45310380}.Release|Mixed Platforms.ActiveCfg = Release|x86
		{260ACC9F-C02E-4A1F-B3A7-A32A45310380}.Release|Mixed Platforms.Build.0 = Release|x86
		{260ACC9F-C02E-4A1F-B3A7-A32A45310380}.Release|x64.ActiveCfg = Release|x64
		{260ACC9F-C02E-4A1F-B3A7-A32A45310380}.Release|x64.Build.0 = Release|x64
		{260ACC9F-C02E-4A1F-B3A7-A32A45310380}.Release|x86.ActiveCfg = Release|x86
		{260ACC9F-C02E-4A1F-B3A7-A32A45310380}.Release|x86.Build.0 = Release|x86
		{455C2649-47C0-444F-8C3E-D8F053840D84}.Debug|Any CPU.ActiveCfg = Debug|Any CPU
		{455C2649-47C0-444F-8C3E-D8F053840D84}.Debug|Any CPU.Build.0 = Debug|Any CPU
		{455C2649-47C0-444F-8C3E-D8F053840D84}.Debug|Mixed Platforms.ActiveCfg = Debug|x86
		{455C2649-47C0-444F-8C3E-D8F053840D84}.Debug|Mixed Platforms.Build.0 = Debug|x86
		{455C2649-47C0-444F-8C3E-D8F053840D84}.Debug|x64.ActiveCfg = Debug|x64
		{455C2649-47C0-444F-8C3E-D8F053840D84}.Debug|x64.Build.0 = Debug|x64
		{455C2649-47C0-444F-8C3E-D8F053840D84}.Debug|x86.ActiveCfg = Debug|x86
		{455C2649-47C0-444F-8C3E-D8F053840D84}.Debug|x86.Build.0 = Debug|x86
		{455C2649-47C0-444F-8C3E-D8F053840D84}.Release|Any CPU.ActiveCfg = Release|Any CPU
		{455C2649-47C0-444F-8C3E-D8F053840D84}.Release|Any CPU.Build.0 = Release|Any CPU
		{455C2649-47C0-444F-8C3E-D8F053840D84}.Release|Mixed Platforms.ActiveCfg = Release|x86
		{455C2649-47C0-444F-8C3E-D8F053840D84}.Release|Mixed Platforms.Build.0 = Release|x86
		{455C2649-47C0-444F-8C3E-D8F053840D84}.Release|x64.ActiveCfg = Release|x64
		{455C2649-47C0-444F-8C3E-D8F053840D84}.Release|x64.Build.0 = Release|x64
		{455C2649-47C0-444F-8C3E-D8F053840D84}.Release|x86.ActiveCfg = Release|x86
		{455C2649-47C0-444F-8C3E-D8F053840D84}.Release|x86.Build.0 = Release|x86
		{1C91AC30-5977-4BE5-BA67-8EB186C03514}.Debug|Any CPU.ActiveCfg = Debug|Any CPU
		{1C91AC30-5977-4BE5-BA67-8EB186C03514}.Debug|Any CPU.Build.0 = Debug|Any CPU
		{1C91AC30-5977-4BE5-BA67-8EB186C03514}.Debug|Mixed Platforms.ActiveCfg = Debug|Any CPU
		{1C91AC30-5977-4BE5-BA67-8EB186C03514}.Debug|Mixed Platforms.Build.0 = Debug|Any CPU
		{1C91AC30-5977-4BE5-BA67-8EB186C03514}.Debug|x64.ActiveCfg = Debug|Any CPU
		{1C91AC30-5977-4BE5-BA67-8EB186C03514}.Debug|x86.ActiveCfg = Debug|Any CPU
		{1C91AC30-5977-4BE5-BA67-8EB186C03514}.Release|Any CPU.ActiveCfg = Release|Any CPU
		{1C91AC30-5977-4BE5-BA67-8EB186C03514}.Release|Any CPU.Build.0 = Release|Any CPU
		{1C91AC30-5977-4BE5-BA67-8EB186C03514}.Release|Mixed Platforms.ActiveCfg = Release|Any CPU
		{1C91AC30-5977-4BE5-BA67-8EB186C03514}.Release|Mixed Platforms.Build.0 = Release|Any CPU
		{1C91AC30-5977-4BE5-BA67-8EB186C03514}.Release|x64.ActiveCfg = Release|Any CPU
		{1C91AC30-5977-4BE5-BA67-8EB186C03514}.Release|x86.ActiveCfg = Release|Any CPU
		{44CA54AD-6338-4449-A96F-0587713C92EE}.Debug|Any CPU.ActiveCfg = Debug|Any CPU
		{44CA54AD-6338-4449-A96F-0587713C92EE}.Debug|Any CPU.Build.0 = Debug|Any CPU
		{44CA54AD-6338-4449-A96F-0587713C92EE}.Debug|Mixed Platforms.ActiveCfg = Debug|x86
		{44CA54AD-6338-4449-A96F-0587713C92EE}.Debug|Mixed Platforms.Build.0 = Debug|x86
		{44CA54AD-6338-4449-A96F-0587713C92EE}.Debug|x64.ActiveCfg = Debug|x64
		{44CA54AD-6338-4449-A96F-0587713C92EE}.Debug|x64.Build.0 = Debug|x64
		{44CA54AD-6338-4449-A96F-0587713C92EE}.Debug|x86.ActiveCfg = Debug|x86
		{44CA54AD-6338-4449-A96F-0587713C92EE}.Debug|x86.Build.0 = Debug|x86
		{44CA54AD-6338-4449-A96F-0587713C92EE}.Release|Any CPU.ActiveCfg = Release|Any CPU
		{44CA54AD-6338-4449-A96F-0587713C92EE}.Release|Any CPU.Build.0 = Release|Any CPU
		{44CA54AD-6338-4449-A96F-0587713C92EE}.Release|Mixed Platforms.ActiveCfg = Release|x86
		{44CA54AD-6338-4449-A96F-0587713C92EE}.Release|Mixed Platforms.Build.0 = Release|x86
		{44CA54AD-6338-4449-A96F-0587713C92EE}.Release|x64.ActiveCfg = Release|x64
		{44CA54AD-6338-4449-A96F-0587713C92EE}.Release|x64.Build.0 = Release|x64
		{44CA54AD-6338-4449-A96F-0587713C92EE}.Release|x86.ActiveCfg = Release|x86
		{44CA54AD-6338-4449-A96F-0587713C92EE}.Release|x86.Build.0 = Release|x86
		{49EA8413-2FFB-48F8-BBCF-2BFF26B1DF99}.Debug|Any CPU.ActiveCfg = Debug|Any CPU
		{49EA8413-2FFB-48F8-BBCF-2BFF26B1DF99}.Debug|Any CPU.Build.0 = Debug|Any CPU
		{49EA8413-2FFB-48F8-BBCF-2BFF26B1DF99}.Debug|Mixed Platforms.ActiveCfg = Debug|x86
		{49EA8413-2FFB-48F8-BBCF-2BFF26B1DF99}.Debug|Mixed Platforms.Build.0 = Debug|x86
		{49EA8413-2FFB-48F8-BBCF-2BFF26B1DF99}.Debug|x64.ActiveCfg = Debug|x64
		{49EA8413-2FFB-48F8-BBCF-2BFF26B1DF99}.Debug|x64.Build.0 = Debug|x64
		{49EA8413-2FFB-48F8-BBCF-2BFF26B1DF99}.Debug|x86.ActiveCfg = Debug|x86
		{49EA8413-2FFB-48F8-BBCF-2BFF26B1DF99}.Debug|x86.Build.0 = Debug|x86
		{49EA8413-2FFB-48F8-BBCF-2BFF26B1DF99}.Release|Any CPU.ActiveCfg = Release|Any CPU
		{49EA8413-2FFB-48F8-BBCF-2BFF26B1DF99}.Release|Any CPU.Build.0 = Release|Any CPU
		{49EA8413-2FFB-48F8-BBCF-2BFF26B1DF99}.Release|Mixed Platforms.ActiveCfg = Release|x86
		{49EA8413-2FFB-48F8-BBCF-2BFF26B1DF99}.Release|Mixed Platforms.Build.0 = Release|x86
		{49EA8413-2FFB-48F8-BBCF-2BFF26B1DF99}.Release|x64.ActiveCfg = Release|x64
		{49EA8413-2FFB-48F8-BBCF-2BFF26B1DF99}.Release|x64.Build.0 = Release|x64
		{49EA8413-2FFB-48F8-BBCF-2BFF26B1DF99}.Release|x86.ActiveCfg = Release|x86
		{49EA8413-2FFB-48F8-BBCF-2BFF26B1DF99}.Release|x86.Build.0 = Release|x86
		{40C298DB-1855-4342-AB01-C1B11D2B164F}.Debug|Any CPU.ActiveCfg = Debug|Any CPU
		{40C298DB-1855-4342-AB01-C1B11D2B164F}.Debug|Any CPU.Build.0 = Debug|Any CPU
		{40C298DB-1855-4342-AB01-C1B11D2B164F}.Debug|Mixed Platforms.ActiveCfg = Debug|x86
		{40C298DB-1855-4342-AB01-C1B11D2B164F}.Debug|Mixed Platforms.Build.0 = Debug|x86
		{40C298DB-1855-4342-AB01-C1B11D2B164F}.Debug|x64.ActiveCfg = Debug|x64
		{40C298DB-1855-4342-AB01-C1B11D2B164F}.Debug|x64.Build.0 = Debug|x64
		{40C298DB-1855-4342-AB01-C1B11D2B164F}.Debug|x86.ActiveCfg = Debug|x86
		{40C298DB-1855-4342-AB01-C1B11D2B164F}.Debug|x86.Build.0 = Debug|x86
		{40C298DB-1855-4342-AB01-C1B11D2B164F}.Release|Any CPU.ActiveCfg = Release|Any CPU
		{40C298DB-1855-4342-AB01-C1B11D2B164F}.Release|Any CPU.Build.0 = Release|Any CPU
		{40C298DB-1855-4342-AB01-C1B11D2B164F}.Release|Mixed Platforms.ActiveCfg = Release|x86
		{40C298DB-1855-4342-AB01-C1B11D2B164F}.Release|Mixed Platforms.Build.0 = Release|x86
		{40C298DB-1855-4342-AB01-C1B11D2B164F}.Release|x64.ActiveCfg = Release|x64
		{40C298DB-1855-4342-AB01-C1B11D2B164F}.Release|x64.Build.0 = Release|x64
		{40C298DB-1855-4342-AB01-C1B11D2B164F}.Release|x86.ActiveCfg = Release|x86
		{40C298DB-1855-4342-AB01-C1B11D2B164F}.Release|x86.Build.0 = Release|x86
		{9EBB2A67-A2B4-4517-AB16-8234E6FA612B}.Debug|Any CPU.ActiveCfg = Debug|Any CPU
		{9EBB2A67-A2B4-4517-AB16-8234E6FA612B}.Debug|Any CPU.Build.0 = Debug|Any CPU
		{9EBB2A67-A2B4-4517-AB16-8234E6FA612B}.Debug|Mixed Platforms.ActiveCfg = Debug|x86
		{9EBB2A67-A2B4-4517-AB16-8234E6FA612B}.Debug|Mixed Platforms.Build.0 = Debug|x86
		{9EBB2A67-A2B4-4517-AB16-8234E6FA612B}.Debug|x64.ActiveCfg = Debug|x64
		{9EBB2A67-A2B4-4517-AB16-8234E6FA612B}.Debug|x64.Build.0 = Debug|x64
		{9EBB2A67-A2B4-4517-AB16-8234E6FA612B}.Debug|x86.ActiveCfg = Debug|x86
		{9EBB2A67-A2B4-4517-AB16-8234E6FA612B}.Debug|x86.Build.0 = Debug|x86
		{9EBB2A67-A2B4-4517-AB16-8234E6FA612B}.Release|Any CPU.ActiveCfg = Release|Any CPU
		{9EBB2A67-A2B4-4517-AB16-8234E6FA612B}.Release|Any CPU.Build.0 = Release|Any CPU
		{9EBB2A67-A2B4-4517-AB16-8234E6FA612B}.Release|Mixed Platforms.ActiveCfg = Release|x86
		{9EBB2A67-A2B4-4517-AB16-8234E6FA612B}.Release|Mixed Platforms.Build.0 = Release|x86
		{9EBB2A67-A2B4-4517-AB16-8234E6FA612B}.Release|x64.ActiveCfg = Release|x64
		{9EBB2A67-A2B4-4517-AB16-8234E6FA612B}.Release|x64.Build.0 = Release|x64
		{9EBB2A67-A2B4-4517-AB16-8234E6FA612B}.Release|x86.ActiveCfg = Release|x86
		{9EBB2A67-A2B4-4517-AB16-8234E6FA612B}.Release|x86.Build.0 = Release|x86
		{C33450C1-7E6E-4E0A-9FFA-058B27743719}.Debug|Any CPU.ActiveCfg = Debug|Any CPU
		{C33450C1-7E6E-4E0A-9FFA-058B27743719}.Debug|Any CPU.Build.0 = Debug|Any CPU
		{C33450C1-7E6E-4E0A-9FFA-058B27743719}.Debug|Mixed Platforms.ActiveCfg = Debug|Any CPU
		{C33450C1-7E6E-4E0A-9FFA-058B27743719}.Debug|Mixed Platforms.Build.0 = Debug|Any CPU
		{C33450C1-7E6E-4E0A-9FFA-058B27743719}.Debug|x64.ActiveCfg = Debug|Any CPU
		{C33450C1-7E6E-4E0A-9FFA-058B27743719}.Debug|x86.ActiveCfg = Debug|Any CPU
		{C33450C1-7E6E-4E0A-9FFA-058B27743719}.Release|Any CPU.ActiveCfg = Release|Any CPU
		{C33450C1-7E6E-4E0A-9FFA-058B27743719}.Release|Any CPU.Build.0 = Release|Any CPU
		{C33450C1-7E6E-4E0A-9FFA-058B27743719}.Release|Mixed Platforms.ActiveCfg = Release|Any CPU
		{C33450C1-7E6E-4E0A-9FFA-058B27743719}.Release|Mixed Platforms.Build.0 = Release|Any CPU
		{C33450C1-7E6E-4E0A-9FFA-058B27743719}.Release|x64.ActiveCfg = Release|Any CPU
		{C33450C1-7E6E-4E0A-9FFA-058B27743719}.Release|x86.ActiveCfg = Release|Any CPU
	EndGlobalSection
	GlobalSection(SolutionProperties) = preSolution
		HideSolutionNode = FALSE
	EndGlobalSection
	GlobalSection(NestedProjects) = preSolution
		{6FFD872F-A4A4-4EFA-9B4D-4342BA6CF250} = {8DB758C0-8E19-4872-9579-2B3BD8DFA5FF}
		{1C91AC30-5977-4BE5-BA67-8EB186C03514} = {8DB758C0-8E19-4872-9579-2B3BD8DFA5FF}
		{44CA54AD-6338-4449-A96F-0587713C92EE} = {FBDC578F-0700-4B60-BA68-1F2168EB7BD6}
		{49EA8413-2FFB-48F8-BBCF-2BFF26B1DF99} = {FBDC578F-0700-4B60-BA68-1F2168EB7BD6}
		{40C298DB-1855-4342-AB01-C1B11D2B164F} = {FBDC578F-0700-4B60-BA68-1F2168EB7BD6}
		{9EBB2A67-A2B4-4517-AB16-8234E6FA612B} = {FBDC578F-0700-4B60-BA68-1F2168EB7BD6}
	EndGlobalSection
EndGlobal
