
Microsoft Visual Studio Solution File, Format Version 12.00
# Visual Studio 2012
Project("{FAE04EC0-301F-11D3-BF4B-00C04F79EFBC}") = "Shared", "Shared\Shared.csproj", "{7DF08A0E-D508-443A-88CA-F85568D5BF55}"
EndProject
Project("{FAE04EC0-301F-11D3-BF4B-00C04F79EFBC}") = "Tests", "Tests\Tests.csproj", "{455C2649-47C0-444F-8C3E-D8F053840D84}"
	ProjectSection(ProjectDependencies) = postProject
		{3E44DABC-410F-4E6D-8A26-C59FC7C8CF76} = {3E44DABC-410F-4E6D-8A26-C59FC7C8CF76}
		{C33450C1-7E6E-4E0A-9FFA-058B27743719} = {C33450C1-7E6E-4E0A-9FFA-058B27743719}
	EndProjectSection
EndProject
Project("{FAE04EC0-301F-11D3-BF4B-00C04F79EFBC}") = "ServiceHost", "ServiceHost\ServiceHost.csproj", "{3E44DABC-410F-4E6D-8A26-C59FC7C8CF76}"
EndProject
Project("{FAE04EC0-301F-11D3-BF4B-00C04F79EFBC}") = "Bus", "Bus\Bus.csproj", "{C33450C1-7E6E-4E0A-9FFA-058B27743719}"
EndProject
Project("{FAE04EC0-301F-11D3-BF4B-00C04F79EFBC}") = "PgmTransport", "PgmTransport\PgmTransport.csproj", "{C99A5F30-965C-4C38-B888-1AB584166D62}"
EndProject
Project("{FAE04EC0-301F-11D3-BF4B-00C04F79EFBC}") = "PgmTransportTests", "PgmTransportTests\PgmTransportTests.csproj", "{C4114D8E-17CB-4CDC-9726-D5B6FE42EB26}"
EndProject
Global
	GlobalSection(SolutionConfigurationPlatforms) = preSolution
		Debug|Any CPU = Debug|Any CPU
		Debug|Mixed Platforms = Debug|Mixed Platforms
		Debug|x64 = Debug|x64
		Debug|x86 = Debug|x86
		Release|Any CPU = Release|Any CPU
		Release|Mixed Platforms = Release|Mixed Platforms
		Release|x64 = Release|x64
		Release|x86 = Release|x86
	EndGlobalSection
	GlobalSection(ProjectConfigurationPlatforms) = postSolution
		{7DF08A0E-D508-443A-88CA-F85568D5BF55}.Debug|Any CPU.ActiveCfg = Debug|Any CPU
		{7DF08A0E-D508-443A-88CA-F85568D5BF55}.Debug|Any CPU.Build.0 = Debug|Any CPU
		{7DF08A0E-D508-443A-88CA-F85568D5BF55}.Debug|Mixed Platforms.ActiveCfg = Debug|Any CPU
		{7DF08A0E-D508-443A-88CA-F85568D5BF55}.Debug|Mixed Platforms.Build.0 = Debug|Any CPU
		{7DF08A0E-D508-443A-88CA-F85568D5BF55}.Debug|x64.ActiveCfg = Debug|x64
		{7DF08A0E-D508-443A-88CA-F85568D5BF55}.Debug|x64.Build.0 = Debug|x64
		{7DF08A0E-D508-443A-88CA-F85568D5BF55}.Debug|x86.ActiveCfg = Debug|x86
		{7DF08A0E-D508-443A-88CA-F85568D5BF55}.Debug|x86.Build.0 = Debug|x86
		{7DF08A0E-D508-443A-88CA-F85568D5BF55}.Release|Any CPU.ActiveCfg = Release|Any CPU
		{7DF08A0E-D508-443A-88CA-F85568D5BF55}.Release|Any CPU.Build.0 = Release|Any CPU
		{7DF08A0E-D508-443A-88CA-F85568D5BF55}.Release|Mixed Platforms.ActiveCfg = Release|x86
		{7DF08A0E-D508-443A-88CA-F85568D5BF55}.Release|Mixed Platforms.Build.0 = Release|x86
		{7DF08A0E-D508-443A-88CA-F85568D5BF55}.Release|x64.ActiveCfg = Release|x64
		{7DF08A0E-D508-443A-88CA-F85568D5BF55}.Release|x64.Build.0 = Release|x64
		{7DF08A0E-D508-443A-88CA-F85568D5BF55}.Release|x86.ActiveCfg = Release|x86
		{7DF08A0E-D508-443A-88CA-F85568D5BF55}.Release|x86.Build.0 = Release|x86
		{455C2649-47C0-444F-8C3E-D8F053840D84}.Debug|Any CPU.ActiveCfg = Debug|Any CPU
		{455C2649-47C0-444F-8C3E-D8F053840D84}.Debug|Any CPU.Build.0 = Debug|Any CPU
		{455C2649-47C0-444F-8C3E-D8F053840D84}.Debug|Mixed Platforms.ActiveCfg = Debug|Any CPU
		{455C2649-47C0-444F-8C3E-D8F053840D84}.Debug|Mixed Platforms.Build.0 = Debug|Any CPU
		{455C2649-47C0-444F-8C3E-D8F053840D84}.Debug|x64.ActiveCfg = Debug|x64
		{455C2649-47C0-444F-8C3E-D8F053840D84}.Debug|x64.Build.0 = Debug|x64
		{455C2649-47C0-444F-8C3E-D8F053840D84}.Debug|x86.ActiveCfg = Debug|x86
		{455C2649-47C0-444F-8C3E-D8F053840D84}.Debug|x86.Build.0 = Debug|x86
		{455C2649-47C0-444F-8C3E-D8F053840D84}.Release|Any CPU.ActiveCfg = Release|Any CPU
		{455C2649-47C0-444F-8C3E-D8F053840D84}.Release|Any CPU.Build.0 = Release|Any CPU
		{455C2649-47C0-444F-8C3E-D8F053840D84}.Release|Mixed Platforms.ActiveCfg = Release|x86
		{455C2649-47C0-444F-8C3E-D8F053840D84}.Release|Mixed Platforms.Build.0 = Release|x86
		{455C2649-47C0-444F-8C3E-D8F053840D84}.Release|x64.ActiveCfg = Release|x64
		{455C2649-47C0-444F-8C3E-D8F053840D84}.Release|x64.Build.0 = Release|x64
		{455C2649-47C0-444F-8C3E-D8F053840D84}.Release|x86.ActiveCfg = Release|x86
		{455C2649-47C0-444F-8C3E-D8F053840D84}.Release|x86.Build.0 = Release|x86
		{3E44DABC-410F-4E6D-8A26-C59FC7C8CF76}.Debug|Any CPU.ActiveCfg = Debug|Any CPU
		{3E44DABC-410F-4E6D-8A26-C59FC7C8CF76}.Debug|Any CPU.Build.0 = Debug|Any CPU
		{3E44DABC-410F-4E6D-8A26-C59FC7C8CF76}.Debug|Mixed Platforms.ActiveCfg = Debug|Any CPU
		{3E44DABC-410F-4E6D-8A26-C59FC7C8CF76}.Debug|Mixed Platforms.Build.0 = Debug|Any CPU
		{3E44DABC-410F-4E6D-8A26-C59FC7C8CF76}.Debug|x64.ActiveCfg = Debug|x64
		{3E44DABC-410F-4E6D-8A26-C59FC7C8CF76}.Debug|x64.Build.0 = Debug|x64
		{3E44DABC-410F-4E6D-8A26-C59FC7C8CF76}.Debug|x86.ActiveCfg = Debug|Any CPU
		{3E44DABC-410F-4E6D-8A26-C59FC7C8CF76}.Release|Any CPU.ActiveCfg = Release|Any CPU
		{3E44DABC-410F-4E6D-8A26-C59FC7C8CF76}.Release|Any CPU.Build.0 = Release|Any CPU
		{3E44DABC-410F-4E6D-8A26-C59FC7C8CF76}.Release|Mixed Platforms.ActiveCfg = Release|Any CPU
		{3E44DABC-410F-4E6D-8A26-C59FC7C8CF76}.Release|Mixed Platforms.Build.0 = Release|Any CPU
		{3E44DABC-410F-4E6D-8A26-C59FC7C8CF76}.Release|x64.ActiveCfg = Release|Any CPU
		{3E44DABC-410F-4E6D-8A26-C59FC7C8CF76}.Release|x86.ActiveCfg = Release|Any CPU
		{C33450C1-7E6E-4E0A-9FFA-058B27743719}.Debug|Any CPU.ActiveCfg = Debug|Any CPU
		{C33450C1-7E6E-4E0A-9FFA-058B27743719}.Debug|Any CPU.Build.0 = Debug|Any CPU
		{C33450C1-7E6E-4E0A-9FFA-058B27743719}.Debug|Mixed Platforms.ActiveCfg = Debug|Any CPU
		{C33450C1-7E6E-4E0A-9FFA-058B27743719}.Debug|Mixed Platforms.Build.0 = Debug|Any CPU
		{C33450C1-7E6E-4E0A-9FFA-058B27743719}.Debug|x64.ActiveCfg = Debug|x64
		{C33450C1-7E6E-4E0A-9FFA-058B27743719}.Debug|x64.Build.0 = Debug|x64
		{C33450C1-7E6E-4E0A-9FFA-058B27743719}.Debug|x86.ActiveCfg = Debug|Any CPU
		{C33450C1-7E6E-4E0A-9FFA-058B27743719}.Release|Any CPU.ActiveCfg = Release|Any CPU
		{C33450C1-7E6E-4E0A-9FFA-058B27743719}.Release|Any CPU.Build.0 = Release|Any CPU
		{C33450C1-7E6E-4E0A-9FFA-058B27743719}.Release|Mixed Platforms.ActiveCfg = Release|Any CPU
		{C33450C1-7E6E-4E0A-9FFA-058B27743719}.Release|Mixed Platforms.Build.0 = Release|Any CPU
		{C33450C1-7E6E-4E0A-9FFA-058B27743719}.Release|x64.ActiveCfg = Release|Any CPU
		{C33450C1-7E6E-4E0A-9FFA-058B27743719}.Release|x86.ActiveCfg = Release|Any CPU
		{C99A5F30-965C-4C38-B888-1AB584166D62}.Debug|Any CPU.ActiveCfg = Debug|Any CPU
		{C99A5F30-965C-4C38-B888-1AB584166D62}.Debug|Any CPU.Build.0 = Debug|Any CPU
		{C99A5F30-965C-4C38-B888-1AB584166D62}.Debug|Mixed Platforms.ActiveCfg = Debug|Any CPU
		{C99A5F30-965C-4C38-B888-1AB584166D62}.Debug|Mixed Platforms.Build.0 = Debug|Any CPU
		{C99A5F30-965C-4C38-B888-1AB584166D62}.Debug|x64.ActiveCfg = Debug|Any CPU
		{C99A5F30-965C-4C38-B888-1AB584166D62}.Debug|x86.ActiveCfg = Debug|Any CPU
		{C99A5F30-965C-4C38-B888-1AB584166D62}.Release|Any CPU.ActiveCfg = Release|Any CPU
		{C99A5F30-965C-4C38-B888-1AB584166D62}.Release|Any CPU.Build.0 = Release|Any CPU
		{C99A5F30-965C-4C38-B888-1AB584166D62}.Release|Mixed Platforms.ActiveCfg = Release|Any CPU
		{C99A5F30-965C-4C38-B888-1AB584166D62}.Release|Mixed Platforms.Build.0 = Release|Any CPU
		{C99A5F30-965C-4C38-B888-1AB584166D62}.Release|x64.ActiveCfg = Release|Any CPU
		{C99A5F30-965C-4C38-B888-1AB584166D62}.Release|x86.ActiveCfg = Release|Any CPU
		{C4114D8E-17CB-4CDC-9726-D5B6FE42EB26}.Debug|Any CPU.ActiveCfg = Debug|Any CPU
		{C4114D8E-17CB-4CDC-9726-D5B6FE42EB26}.Debug|Any CPU.Build.0 = Debug|Any CPU
		{C4114D8E-17CB-4CDC-9726-D5B6FE42EB26}.Debug|Mixed Platforms.ActiveCfg = Debug|Any CPU
		{C4114D8E-17CB-4CDC-9726-D5B6FE42EB26}.Debug|Mixed Platforms.Build.0 = Debug|Any CPU
		{C4114D8E-17CB-4CDC-9726-D5B6FE42EB26}.Debug|x64.ActiveCfg = Debug|Any CPU
		{C4114D8E-17CB-4CDC-9726-D5B6FE42EB26}.Debug|x86.ActiveCfg = Debug|Any CPU
		{C4114D8E-17CB-4CDC-9726-D5B6FE42EB26}.Release|Any CPU.ActiveCfg = Release|Any CPU
		{C4114D8E-17CB-4CDC-9726-D5B6FE42EB26}.Release|Any CPU.Build.0 = Release|Any CPU
		{C4114D8E-17CB-4CDC-9726-D5B6FE42EB26}.Release|Mixed Platforms.ActiveCfg = Release|Any CPU
		{C4114D8E-17CB-4CDC-9726-D5B6FE42EB26}.Release|Mixed Platforms.Build.0 = Release|Any CPU
		{C4114D8E-17CB-4CDC-9726-D5B6FE42EB26}.Release|x64.ActiveCfg = Release|Any CPU
		{C4114D8E-17CB-4CDC-9726-D5B6FE42EB26}.Release|x86.ActiveCfg = Release|Any CPU
	EndGlobalSection
	GlobalSection(SolutionProperties) = preSolution
		HideSolutionNode = FALSE
	EndGlobalSection
EndGlobal
